
Microsoft Visual Studio Solution File, Format Version 12.00
# Visual Studio Version 17
VisualStudioVersion = 17.4.33213.308
MinimumVisualStudioVersion = 10.0.40219.1
Project("{FAE04EC0-301F-11D3-BF4B-00C04F79EFBC}") = "Juego", "Juego\Juego.csproj", "{515E94B1-5D8B-4F46-AB6D-6FF701BF7093}"
EndProject
Global
	GlobalSection(SolutionConfigurationPlatforms) = preSolution
		Debug|Any CPU = Debug|Any CPU
		Release|Any CPU = Release|Any CPU
	EndGlobalSection
	GlobalSection(ProjectConfigurationPlatforms) = postSolution
		{515E94B1-5D8B-4F46-AB6D-6FF701BF7093}.Debug|Any CPU.ActiveCfg = Debug|Any CPU
		{515E94B1-5D8B-4F46-AB6D-6FF701BF7093}.Debug|Any CPU.Build.0 = Debug|Any CPU
		{515E94B1-5D8B-4F46-AB6D-6FF701BF7093}.Release|Any CPU.ActiveCfg = Release|Any CPU
		{515E94B1-5D8B-4F46-AB6D-6FF701BF7093}.Release|Any CPU.Build.0 = Release|Any CPU
	EndGlobalSection
	GlobalSection(SolutionProperties) = preSolution
		HideSolutionNode = FALSE
	EndGlobalSection
	GlobalSection(ExtensibilityGlobals) = postSolution
		SolutionGuid = {83A88526-5770-4E63-9A50-0235CA5DD8DE}
	EndGlobalSection
EndGlobal
